
Microsoft Visual Studio Solution File, Format Version 12.00
# Visual Studio Version 17
VisualStudioVersion = 17.0.31903.59
MinimumVisualStudioVersion = 10.0.40219.1
Project("{2150E333-8FDC-42A3-9474-1A3956D46DE8}") = "src", "src", "{AA5B087D-7989-4777-AE6A-98BE0877F65C}"
EndProject
Project("{2150E333-8FDC-42A3-9474-1A3956D46DE8}") = "GodotEx", "GodotEx", "{22D5A7F9-9102-46E7-B47F-19298DCD4021}"
EndProject
Project("{FAE04EC0-301F-11D3-BF4B-00C04F79EFBC}") = "GodotEx", "src\GodotEx\src\GodotEx.csproj", "{8A82AEB0-D7DF-4DA2-AA3B-2F1916A958FA}"
EndProject
Project("{FAE04EC0-301F-11D3-BF4B-00C04F79EFBC}") = "GodotEx.Tests", "src\GodotEx\test\GodotEx.Tests.csproj", "{2365DA1B-FB79-4F4B-A2D3-526820386FE7}"
EndProject
Project("{2150E333-8FDC-42A3-9474-1A3956D46DE8}") = "GodotEx.Async", "GodotEx.Async", "{45BE157F-5B96-406C-B3C1-88EA4B6E3219}"
EndProject
Project("{FAE04EC0-301F-11D3-BF4B-00C04F79EFBC}") = "GodotEx.Async", "src\GodotEx.Async\src\GodotEx.Async.csproj", "{1478FBC0-DA99-4426-9B7B-39AEC81503F1}"
EndProject
Project("{FAE04EC0-301F-11D3-BF4B-00C04F79EFBC}") = "GodotEx.Async.Tests", "src\GodotEx.Async\test\GodotEx.Async.Tests.csproj", "{50AA1726-A45A-4395-BCB6-02F9C5AC32ED}"
EndProject
Project("{2150E333-8FDC-42A3-9474-1A3956D46DE8}") = "GodotEx.Hosting", "GodotEx.Hosting", "{D7B717AC-93DD-4E46-B066-74B542742FDA}"
EndProject
Project("{FAE04EC0-301F-11D3-BF4B-00C04F79EFBC}") = "GodotEx.Hosting", "src\GodotEx.Hosting\src\GodotEx.Hosting.csproj", "{78A106DA-21CD-4CBC-9141-27EC8C08300E}"
EndProject
Project("{FAE04EC0-301F-11D3-BF4B-00C04F79EFBC}") = "GodotEx.Hosting.Tests", "src\GodotEx.Hosting\test\GodotEx.Hosting.Tests.csproj", "{D38A5503-1E17-4C05-A862-93FEC8E61032}"
EndProject
Global
	GlobalSection(SolutionConfigurationPlatforms) = preSolution
		Debug|Any CPU = Debug|Any CPU
		Release|Any CPU = Release|Any CPU
	EndGlobalSection
	GlobalSection(SolutionProperties) = preSolution
		HideSolutionNode = FALSE
	EndGlobalSection
	GlobalSection(ProjectConfigurationPlatforms) = postSolution
		{8A82AEB0-D7DF-4DA2-AA3B-2F1916A958FA}.Debug|Any CPU.ActiveCfg = Debug|Any CPU
		{8A82AEB0-D7DF-4DA2-AA3B-2F1916A958FA}.Debug|Any CPU.Build.0 = Debug|Any CPU
		{8A82AEB0-D7DF-4DA2-AA3B-2F1916A958FA}.Release|Any CPU.ActiveCfg = Release|Any CPU
		{8A82AEB0-D7DF-4DA2-AA3B-2F1916A958FA}.Release|Any CPU.Build.0 = Release|Any CPU
		{2365DA1B-FB79-4F4B-A2D3-526820386FE7}.Debug|Any CPU.ActiveCfg = Debug|Any CPU
		{2365DA1B-FB79-4F4B-A2D3-526820386FE7}.Debug|Any CPU.Build.0 = Debug|Any CPU
		{2365DA1B-FB79-4F4B-A2D3-526820386FE7}.Release|Any CPU.ActiveCfg = Debug|Any CPU
		{2365DA1B-FB79-4F4B-A2D3-526820386FE7}.Release|Any CPU.Build.0 = Debug|Any CPU
		{1478FBC0-DA99-4426-9B7B-39AEC81503F1}.Debug|Any CPU.ActiveCfg = Debug|Any CPU
		{1478FBC0-DA99-4426-9B7B-39AEC81503F1}.Debug|Any CPU.Build.0 = Debug|Any CPU
		{1478FBC0-DA99-4426-9B7B-39AEC81503F1}.Release|Any CPU.ActiveCfg = Release|Any CPU
		{1478FBC0-DA99-4426-9B7B-39AEC81503F1}.Release|Any CPU.Build.0 = Release|Any CPU
		{50AA1726-A45A-4395-BCB6-02F9C5AC32ED}.Debug|Any CPU.ActiveCfg = Debug|Any CPU
		{50AA1726-A45A-4395-BCB6-02F9C5AC32ED}.Debug|Any CPU.Build.0 = Debug|Any CPU
		{50AA1726-A45A-4395-BCB6-02F9C5AC32ED}.Release|Any CPU.ActiveCfg = Debug|Any CPU
		{50AA1726-A45A-4395-BCB6-02F9C5AC32ED}.Release|Any CPU.Build.0 = Debug|Any CPU
		{78A106DA-21CD-4CBC-9141-27EC8C08300E}.Debug|Any CPU.ActiveCfg = Debug|Any CPU
		{78A106DA-21CD-4CBC-9141-27EC8C08300E}.Debug|Any CPU.Build.0 = Debug|Any CPU
		{78A106DA-21CD-4CBC-9141-27EC8C08300E}.Release|Any CPU.ActiveCfg = Release|Any CPU
		{78A106DA-21CD-4CBC-9141-27EC8C08300E}.Release|Any CPU.Build.0 = Release|Any CPU
		{D38A5503-1E17-4C05-A862-93FEC8E61032}.Debug|Any CPU.ActiveCfg = Debug|Any CPU
		{D38A5503-1E17-4C05-A862-93FEC8E61032}.Debug|Any CPU.Build.0 = Debug|Any CPU
		{D38A5503-1E17-4C05-A862-93FEC8E61032}.Release|Any CPU.ActiveCfg = Debug|Any CPU
		{D38A5503-1E17-4C05-A862-93FEC8E61032}.Release|Any CPU.Build.0 = Debug|Any CPU
	EndGlobalSection
	GlobalSection(NestedProjects) = preSolution
		{22D5A7F9-9102-46E7-B47F-19298DCD4021} = {AA5B087D-7989-4777-AE6A-98BE0877F65C}
		{8A82AEB0-D7DF-4DA2-AA3B-2F1916A958FA} = {22D5A7F9-9102-46E7-B47F-19298DCD4021}
		{2365DA1B-FB79-4F4B-A2D3-526820386FE7} = {22D5A7F9-9102-46E7-B47F-19298DCD4021}
		{45BE157F-5B96-406C-B3C1-88EA4B6E3219} = {AA5B087D-7989-4777-AE6A-98BE0877F65C}
		{1478FBC0-DA99-4426-9B7B-39AEC81503F1} = {45BE157F-5B96-406C-B3C1-88EA4B6E3219}
		{50AA1726-A45A-4395-BCB6-02F9C5AC32ED} = {45BE157F-5B96-406C-B3C1-88EA4B6E3219}
		{D7B717AC-93DD-4E46-B066-74B542742FDA} = {AA5B087D-7989-4777-AE6A-98BE0877F65C}
		{78A106DA-21CD-4CBC-9141-27EC8C08300E} = {D7B717AC-93DD-4E46-B066-74B542742FDA}
		{D38A5503-1E17-4C05-A862-93FEC8E61032} = {D7B717AC-93DD-4E46-B066-74B542742FDA}
	EndGlobalSection
EndGlobal
