
Microsoft Visual Studio Solution File, Format Version 12.00
# Visual Studio Version 17
VisualStudioVersion = 17.0.31903.59
MinimumVisualStudioVersion = 10.0.40219.1
Project("{2150E333-8FDC-42A3-9474-1A3956D46DE8}") = "src", "src", "{6A53C4F3-415B-42EE-B9F5-6234D85EF7D1}"
EndProject
Project("{2150E333-8FDC-42A3-9474-1A3956D46DE8}") = "GodotEx", "GodotEx", "{8C6081C3-47CE-4206-9479-FC975A216136}"
EndProject
Project("{FAE04EC0-301F-11D3-BF4B-00C04F79EFBC}") = "GodotEx", "src\GodotEx\src\GodotEx.csproj", "{9B56AE55-4B60-49A7-A4FF-298E026D246E}"
EndProject
Project("{2150E333-8FDC-42A3-9474-1A3956D46DE8}") = "GodotEx.Async", "GodotEx.Async", "{0D5B1E98-3D46-4400-A678-16344AB9316B}"
EndProject
Project("{FAE04EC0-301F-11D3-BF4B-00C04F79EFBC}") = "GodotEx.Async", "src\GodotEx.Async\src\GodotEx.Async.csproj", "{92681EEC-5FDC-417E-83F4-78272A4B2F30}"
EndProject
Project("{2150E333-8FDC-42A3-9474-1A3956D46DE8}") = "GodotEx.Hosting", "GodotEx.Hosting", "{FC450D8D-8AF5-4A8A-9B84-F9025FCC5E19}"
EndProject
Project("{FAE04EC0-301F-11D3-BF4B-00C04F79EFBC}") = "GodotEx.Hosting", "src\GodotEx.Hosting\src\GodotEx.Hosting.csproj", "{4B559D46-26B0-4E85-B415-8F52FE1763D7}"
EndProject
Project("{2150E333-8FDC-42A3-9474-1A3956D46DE8}") = "GodotEx.Inputs", "GodotEx.Inputs", "{1C4617A7-B44D-4F96-B6B2-27C336254174}"
EndProject
Project("{FAE04EC0-301F-11D3-BF4B-00C04F79EFBC}") = "GodotEx.Inputs", "src\GodotEx.Inputs\src\GodotEx.Inputs.csproj", "{0648A945-AB9B-4F9C-AB01-5CFD7865FEA3}"
EndProject
Project("{FAE04EC0-301F-11D3-BF4B-00C04F79EFBC}") = "GodotEx.Async.Tests", "src\GodotEx.Async\test\GodotEx.Async.Tests.csproj", "{C8901ED2-870B-4DA7-B780-8048D215B823}"
EndProject
Project("{FAE04EC0-301F-11D3-BF4B-00C04F79EFBC}") = "GodotEx.Tests", "src\GodotEx\test\GodotEx.Tests.csproj", "{1FF2E103-6F8C-4232-8C3F-4D3CB59D2D5F}"
EndProject
Project("{FAE04EC0-301F-11D3-BF4B-00C04F79EFBC}") = "GodotEx.Hosting.Tests", "src\GodotEx.Hosting\test\GodotEx.Hosting.Tests.csproj", "{3D718D0F-C941-4D06-8036-CE855B201DF6}"
EndProject
Global
	GlobalSection(SolutionConfigurationPlatforms) = preSolution
		Debug|Any CPU = Debug|Any CPU
		Release|Any CPU = Release|Any CPU
	EndGlobalSection
	GlobalSection(SolutionProperties) = preSolution
		HideSolutionNode = FALSE
	EndGlobalSection
	GlobalSection(ProjectConfigurationPlatforms) = postSolution
		{9B56AE55-4B60-49A7-A4FF-298E026D246E}.Debug|Any CPU.ActiveCfg = Debug|Any CPU
		{9B56AE55-4B60-49A7-A4FF-298E026D246E}.Debug|Any CPU.Build.0 = Debug|Any CPU
		{9B56AE55-4B60-49A7-A4FF-298E026D246E}.Release|Any CPU.ActiveCfg = Release|Any CPU
		{9B56AE55-4B60-49A7-A4FF-298E026D246E}.Release|Any CPU.Build.0 = Release|Any CPU
		{92681EEC-5FDC-417E-83F4-78272A4B2F30}.Debug|Any CPU.ActiveCfg = Debug|Any CPU
		{92681EEC-5FDC-417E-83F4-78272A4B2F30}.Debug|Any CPU.Build.0 = Debug|Any CPU
		{92681EEC-5FDC-417E-83F4-78272A4B2F30}.Release|Any CPU.ActiveCfg = Release|Any CPU
		{92681EEC-5FDC-417E-83F4-78272A4B2F30}.Release|Any CPU.Build.0 = Release|Any CPU
		{4B559D46-26B0-4E85-B415-8F52FE1763D7}.Debug|Any CPU.ActiveCfg = Debug|Any CPU
		{4B559D46-26B0-4E85-B415-8F52FE1763D7}.Debug|Any CPU.Build.0 = Debug|Any CPU
		{4B559D46-26B0-4E85-B415-8F52FE1763D7}.Release|Any CPU.ActiveCfg = Release|Any CPU
		{4B559D46-26B0-4E85-B415-8F52FE1763D7}.Release|Any CPU.Build.0 = Release|Any CPU
		{0648A945-AB9B-4F9C-AB01-5CFD7865FEA3}.Debug|Any CPU.ActiveCfg = Debug|Any CPU
		{0648A945-AB9B-4F9C-AB01-5CFD7865FEA3}.Debug|Any CPU.Build.0 = Debug|Any CPU
		{0648A945-AB9B-4F9C-AB01-5CFD7865FEA3}.Release|Any CPU.ActiveCfg = Release|Any CPU
		{0648A945-AB9B-4F9C-AB01-5CFD7865FEA3}.Release|Any CPU.Build.0 = Release|Any CPU
		{C8901ED2-870B-4DA7-B780-8048D215B823}.Debug|Any CPU.ActiveCfg = Debug|Any CPU
		{C8901ED2-870B-4DA7-B780-8048D215B823}.Debug|Any CPU.Build.0 = Debug|Any CPU
		{C8901ED2-870B-4DA7-B780-8048D215B823}.Release|Any CPU.ActiveCfg = Debug|Any CPU
		{C8901ED2-870B-4DA7-B780-8048D215B823}.Release|Any CPU.Build.0 = Debug|Any CPU
		{1FF2E103-6F8C-4232-8C3F-4D3CB59D2D5F}.Debug|Any CPU.ActiveCfg = Debug|Any CPU
		{1FF2E103-6F8C-4232-8C3F-4D3CB59D2D5F}.Debug|Any CPU.Build.0 = Debug|Any CPU
		{1FF2E103-6F8C-4232-8C3F-4D3CB59D2D5F}.Release|Any CPU.ActiveCfg = Debug|Any CPU
		{1FF2E103-6F8C-4232-8C3F-4D3CB59D2D5F}.Release|Any CPU.Build.0 = Debug|Any CPU
		{3D718D0F-C941-4D06-8036-CE855B201DF6}.Debug|Any CPU.ActiveCfg = Debug|Any CPU
		{3D718D0F-C941-4D06-8036-CE855B201DF6}.Debug|Any CPU.Build.0 = Debug|Any CPU
		{3D718D0F-C941-4D06-8036-CE855B201DF6}.Release|Any CPU.ActiveCfg = Debug|Any CPU
		{3D718D0F-C941-4D06-8036-CE855B201DF6}.Release|Any CPU.Build.0 = Debug|Any CPU
	EndGlobalSection
	GlobalSection(NestedProjects) = preSolution
		{8C6081C3-47CE-4206-9479-FC975A216136} = {6A53C4F3-415B-42EE-B9F5-6234D85EF7D1}
		{9B56AE55-4B60-49A7-A4FF-298E026D246E} = {8C6081C3-47CE-4206-9479-FC975A216136}
		{0D5B1E98-3D46-4400-A678-16344AB9316B} = {6A53C4F3-415B-42EE-B9F5-6234D85EF7D1}
		{92681EEC-5FDC-417E-83F4-78272A4B2F30} = {0D5B1E98-3D46-4400-A678-16344AB9316B}
		{FC450D8D-8AF5-4A8A-9B84-F9025FCC5E19} = {6A53C4F3-415B-42EE-B9F5-6234D85EF7D1}
		{4B559D46-26B0-4E85-B415-8F52FE1763D7} = {FC450D8D-8AF5-4A8A-9B84-F9025FCC5E19}
		{1C4617A7-B44D-4F96-B6B2-27C336254174} = {6A53C4F3-415B-42EE-B9F5-6234D85EF7D1}
		{0648A945-AB9B-4F9C-AB01-5CFD7865FEA3} = {1C4617A7-B44D-4F96-B6B2-27C336254174}
		{C8901ED2-870B-4DA7-B780-8048D215B823} = {0D5B1E98-3D46-4400-A678-16344AB9316B}
		{1FF2E103-6F8C-4232-8C3F-4D3CB59D2D5F} = {8C6081C3-47CE-4206-9479-FC975A216136}
		{3D718D0F-C941-4D06-8036-CE855B201DF6} = {FC450D8D-8AF5-4A8A-9B84-F9025FCC5E19}
	EndGlobalSection
EndGlobal
