
Microsoft Visual Studio Solution File, Format Version 12.00
# Visual Studio Version 17
VisualStudioVersion = 17.5.002.0
MinimumVisualStudioVersion = 10.0.40219.1
Project("{9A19103F-16F7-4668-BE54-9A1E7A4F7556}") = "GodotEx.Tests", "GodotEx.Tests.csproj", "{DAF1AD64-F96B-4363-9170-9DF8F32F750C}"
EndProject
Global
	GlobalSection(SolutionConfigurationPlatforms) = preSolution
		Debug|Any CPU = Debug|Any CPU
		Release|Any CPU = Release|Any CPU
	EndGlobalSection
	GlobalSection(ProjectConfigurationPlatforms) = postSolution
		{DAF1AD64-F96B-4363-9170-9DF8F32F750C}.Debug|Any CPU.ActiveCfg = Debug|Any CPU
		{DAF1AD64-F96B-4363-9170-9DF8F32F750C}.Debug|Any CPU.Build.0 = Debug|Any CPU
		{DAF1AD64-F96B-4363-9170-9DF8F32F750C}.Release|Any CPU.ActiveCfg = Release|Any CPU
		{DAF1AD64-F96B-4363-9170-9DF8F32F750C}.Release|Any CPU.Build.0 = Release|Any CPU
	EndGlobalSection
	GlobalSection(SolutionProperties) = preSolution
		HideSolutionNode = FALSE
	EndGlobalSection
	GlobalSection(ExtensibilityGlobals) = postSolution
		SolutionGuid = {CB461103-852A-4697-AE07-B0D6C385ABED}
	EndGlobalSection
EndGlobal
